
Microsoft Visual Studio Solution File, Format Version 12.00
# Visual Studio Version 17
VisualStudioVersion = 17.8.34511.84
MinimumVisualStudioVersion = 10.0.40219.1
Project("{9A19103F-16F7-4668-BE54-9A1E7A4F7556}") = "PokemonReviewApp", "PokemonReviewApp.csproj", "{AFF7D33B-1A6E-464C-BA6D-F8E07E6A5F34}"
EndProject
Global
	GlobalSection(SolutionConfigurationPlatforms) = preSolution
		Debug|Any CPU = Debug|Any CPU
		Release|Any CPU = Release|Any CPU
	EndGlobalSection
	GlobalSection(ProjectConfigurationPlatforms) = postSolution
		{AFF7D33B-1A6E-464C-BA6D-F8E07E6A5F34}.Debug|Any CPU.ActiveCfg = Debug|Any CPU
		{AFF7D33B-1A6E-464C-BA6D-F8E07E6A5F34}.Debug|Any CPU.Build.0 = Debug|Any CPU
		{AFF7D33B-1A6E-464C-BA6D-F8E07E6A5F34}.Release|Any CPU.ActiveCfg = Release|Any CPU
		{AFF7D33B-1A6E-464C-BA6D-F8E07E6A5F34}.Release|Any CPU.Build.0 = Release|Any CPU
	EndGlobalSection
	GlobalSection(SolutionProperties) = preSolution
		HideSolutionNode = FALSE
	EndGlobalSection
	GlobalSection(ExtensibilityGlobals) = postSolution
		SolutionGuid = {0CE9F20D-3730-452D-B493-FD063A5B99CD}
	EndGlobalSection
EndGlobal
